
Microsoft Visual Studio Solution File, Format Version 12.00
# Visual Studio 15
VisualStudioVersion = 15.0.28010.2048
MinimumVisualStudioVersion = 10.0.40219.1
Project("{FAE04EC0-301F-11D3-BF4B-00C04F79EFBC}") = "CashRegister", "CashRegister\CashRegister.csproj", "{AB0EC9E7-BAC3-4748-AC3F-B80003A0E3E2}"
EndProject
Project("{FAE04EC0-301F-11D3-BF4B-00C04F79EFBC}") = "CashRegister.BusinessLayer", "CashRegister.Business\CashRegister.BusinessLayer.csproj", "{166EF2D1-3E37-4287-908F-707A7FDED122}"
EndProject
Project("{FAE04EC0-301F-11D3-BF4B-00C04F79EFBC}") = "CashRegister.Test", "CashRegister.Test\CashRegister.Test.csproj", "{E2D1BEC4-258F-4F1C-91E2-E420C5D15AAC}"
EndProject
Project("{FAE04EC0-301F-11D3-BF4B-00C04F79EFBC}") = "CashRegister.DataLayer", "CashRegister.DataLayer\CashRegister.DataLayer.csproj", "{75A903CF-D835-4C62-B7A8-DEEAD89690C2}"
EndProject
Project("{FAE04EC0-301F-11D3-BF4B-00C04F79EFBC}") = "CashRegister.Common", "CashRegister.Common\CashRegister.Common.csproj", "{B37050AE-80FE-4438-8497-D8BC0EF27A43}"
EndProject
Global
	GlobalSection(SolutionConfigurationPlatforms) = preSolution
		Debug|Any CPU = Debug|Any CPU
		Release|Any CPU = Release|Any CPU
	EndGlobalSection
	GlobalSection(ProjectConfigurationPlatforms) = postSolution
		{AB0EC9E7-BAC3-4748-AC3F-B80003A0E3E2}.Debug|Any CPU.ActiveCfg = Debug|Any CPU
		{AB0EC9E7-BAC3-4748-AC3F-B80003A0E3E2}.Debug|Any CPU.Build.0 = Debug|Any CPU
		{AB0EC9E7-BAC3-4748-AC3F-B80003A0E3E2}.Release|Any CPU.ActiveCfg = Release|Any CPU
		{AB0EC9E7-BAC3-4748-AC3F-B80003A0E3E2}.Release|Any CPU.Build.0 = Release|Any CPU
		{166EF2D1-3E37-4287-908F-707A7FDED122}.Debug|Any CPU.ActiveCfg = Debug|Any CPU
		{166EF2D1-3E37-4287-908F-707A7FDED122}.Debug|Any CPU.Build.0 = Debug|Any CPU
		{166EF2D1-3E37-4287-908F-707A7FDED122}.Release|Any CPU.ActiveCfg = Release|Any CPU
		{166EF2D1-3E37-4287-908F-707A7FDED122}.Release|Any CPU.Build.0 = Release|Any CPU
		{E2D1BEC4-258F-4F1C-91E2-E420C5D15AAC}.Debug|Any CPU.ActiveCfg = Debug|Any CPU
		{E2D1BEC4-258F-4F1C-91E2-E420C5D15AAC}.Debug|Any CPU.Build.0 = Debug|Any CPU
		{E2D1BEC4-258F-4F1C-91E2-E420C5D15AAC}.Release|Any CPU.ActiveCfg = Release|Any CPU
		{E2D1BEC4-258F-4F1C-91E2-E420C5D15AAC}.Release|Any CPU.Build.0 = Release|Any CPU
		{75A903CF-D835-4C62-B7A8-DEEAD89690C2}.Debug|Any CPU.ActiveCfg = Debug|Any CPU
		{75A903CF-D835-4C62-B7A8-DEEAD89690C2}.Debug|Any CPU.Build.0 = Debug|Any CPU
		{75A903CF-D835-4C62-B7A8-DEEAD89690C2}.Release|Any CPU.ActiveCfg = Release|Any CPU
		{75A903CF-D835-4C62-B7A8-DEEAD89690C2}.Release|Any CPU.Build.0 = Release|Any CPU
		{B37050AE-80FE-4438-8497-D8BC0EF27A43}.Debug|Any CPU.ActiveCfg = Debug|Any CPU
		{B37050AE-80FE-4438-8497-D8BC0EF27A43}.Debug|Any CPU.Build.0 = Debug|Any CPU
		{B37050AE-80FE-4438-8497-D8BC0EF27A43}.Release|Any CPU.ActiveCfg = Release|Any CPU
		{B37050AE-80FE-4438-8497-D8BC0EF27A43}.Release|Any CPU.Build.0 = Release|Any CPU
	EndGlobalSection
	GlobalSection(SolutionProperties) = preSolution
		HideSolutionNode = FALSE
	EndGlobalSection
	GlobalSection(ExtensibilityGlobals) = postSolution
		SolutionGuid = {9FF81C4B-DE3E-49E5-BF70-6B1C544A816B}
	EndGlobalSection
EndGlobal
